// !$*UTF8*$!
{
	archiveVersion = 1;
	classes = {
	};
	objectVersion = 46;
	objects = {

/* Begin PBXBuildFile section */
		4DD236B4175A0BD50019EBD2 /* UIKit.framework in Frameworks */ = {isa = PBXBuildFile; fileRef = 4DD236B3175A0BD50019EBD2 /* UIKit.framework */; };
		4DD236B6175A0BD50019EBD2 /* Foundation.framework in Frameworks */ = {isa = PBXBuildFile; fileRef = 4DD236B5175A0BD50019EBD2 /* Foundation.framework */; };
		4DD236B8175A0BD50019EBD2 /* CoreGraphics.framework in Frameworks */ = {isa = PBXBuildFile; fileRef = 4DD236B7175A0BD50019EBD2 /* CoreGraphics.framework */; };
		4DD236BE175A0BD50019EBD2 /* InfoPlist.strings in Resources */ = {isa = PBXBuildFile; fileRef = 4DD236BC175A0BD50019EBD2 /* InfoPlist.strings */; };
		4DD236C0175A0BD50019EBD2 /* main.m in Sources */ = {isa = PBXBuildFile; fileRef = 4DD236BF175A0BD50019EBD2 /* main.m */; };
		4DD236C4175A0BD50019EBD2 /* AppDelegate.m in Sources */ = {isa = PBXBuildFile; fileRef = 4DD236C3175A0BD50019EBD2 /* AppDelegate.m */; };
		4DD236C6175A0BD50019EBD2 /* Default.png in Resources */ = {isa = PBXBuildFile; fileRef = 4DD236C5175A0BD50019EBD2 /* Default.png */; };
		4DD236C8175A0BD50019EBD2 /* Default@2x.png in Resources */ = {isa = PBXBuildFile; fileRef = 4DD236C7175A0BD50019EBD2 /* Default@2x.png */; };
		4DD236CA175A0BD50019EBD2 /* Default-568h@2x.png in Resources */ = {isa = PBXBuildFile; fileRef = 4DD236C9175A0BD50019EBD2 /* Default-568h@2x.png */; };
		4DD236CD175A0BD50019EBD2 /* ViewController.m in Sources */ = {isa = PBXBuildFile; fileRef = 4DD236CC175A0BD50019EBD2 /* ViewController.m */; settings = {COMPILER_FLAGS = "-fno-objc-arc"; }; };
		4DD236D0175A0BD50019EBD2 /* ViewController.xib in Resources */ = {isa = PBXBuildFile; fileRef = 4DD236CE175A0BD50019EBD2 /* ViewController.xib */; };
		4DD236DA175A0C7F0019EBD2 /* AVFoundation.framework in Frameworks */ = {isa = PBXBuildFile; fileRef = 4DD236D9175A0C7F0019EBD2 /* AVFoundation.framework */; };
		4DD236DC175A0C890019EBD2 /* CoreVideo.framework in Frameworks */ = {isa = PBXBuildFile; fileRef = 4DD236DB175A0C890019EBD2 /* CoreVideo.framework */; };
		4DD236DE175A0C900019EBD2 /* CoreMedia.framework in Frameworks */ = {isa = PBXBuildFile; fileRef = 4DD236DD175A0C900019EBD2 /* CoreMedia.framework */; };
		4DD236E0175A0C980019EBD2 /* QuartzCore.framework in Frameworks */ = {isa = PBXBuildFile; fileRef = 4DD236DF175A0C980019EBD2 /* QuartzCore.framework */; };
		4DD236E2175A1DB30019EBD2 /* ffmpeg in Resources */ = {isa = PBXBuildFile; fileRef = 4DD236E1175A1DB30019EBD2 /* ffmpeg */; };
		4DD236E4175A1DD40019EBD2 /* libbz2.1.0.dylib in Frameworks */ = {isa = PBXBuildFile; fileRef = 4DD236E3175A1DD40019EBD2 /* libbz2.1.0.dylib */; };
		4DD236E7175A1DF20019EBD2 /* libz.1.2.5.dylib in Frameworks */ = {isa = PBXBuildFile; fileRef = 4DD236E5175A1DF20019EBD2 /* libz.1.2.5.dylib */; };
		4DD236E8175A1DF20019EBD2 /* libz.dylib in Frameworks */ = {isa = PBXBuildFile; fileRef = 4DD236E6175A1DF20019EBD2 /* libz.dylib */; };
		4DD236EA175A1DFE0019EBD2 /* libbz2.dylib in Frameworks */ = {isa = PBXBuildFile; fileRef = 4DD236E9175A1DFE0019EBD2 /* libbz2.dylib */; };
		4DD236EC175A1E090019EBD2 /* libiconv.dylib in Frameworks */ = {isa = PBXBuildFile; fileRef = 4DD236EB175A1E090019EBD2 /* libiconv.dylib */; };
		4DD236F6175A1E200019EBD2 /* libavcodec.a in Frameworks */ = {isa = PBXBuildFile; fileRef = 4DD236ED175A1E200019EBD2 /* libavcodec.a */; };
		4DD236F7175A1E200019EBD2 /* libavdevice.a in Frameworks */ = {isa = PBXBuildFile; fileRef = 4DD236EE175A1E200019EBD2 /* libavdevice.a */; };
		4DD236F8175A1E200019EBD2 /* libavfilter.a in Frameworks */ = {isa = PBXBuildFile; fileRef = 4DD236EF175A1E200019EBD2 /* libavfilter.a */; };
		4DD236F9175A1E200019EBD2 /* libavformat.a in Frameworks */ = {isa = PBXBuildFile; fileRef = 4DD236F0175A1E200019EBD2 /* libavformat.a */; };
		4DD236FA175A1E200019EBD2 /* libavutil.a in Frameworks */ = {isa = PBXBuildFile; fileRef = 4DD236F1175A1E200019EBD2 /* libavutil.a */; };
		4DD236FB175A1E200019EBD2 /* libcodec.a in Frameworks */ = {isa = PBXBuildFile; fileRef = 4DD236F2175A1E200019EBD2 /* libcodec.a */; };
		4DD236FC175A1E200019EBD2 /* libswresample.a in Frameworks */ = {isa = PBXBuildFile; fileRef = 4DD236F3175A1E200019EBD2 /* libswresample.a */; };
		4DD236FD175A1E200019EBD2 /* libswscale.a in Frameworks */ = {isa = PBXBuildFile; fileRef = 4DD236F4175A1E200019EBD2 /* libswscale.a */; };
		4DD236FE175A1E200019EBD2 /* libx264.a in Frameworks */ = {isa = PBXBuildFile; fileRef = 4DD236F5175A1E200019EBD2 /* libx264.a */; };
		4DE2FA08175B8474007C1F25 /* mediaTimer.cpp in Sources */ = {isa = PBXBuildFile; fileRef = 4DE2F9EB175B8474007C1F25 /* mediaTimer.cpp */; };
		4DE2FA09175B8474007C1F25 /* Render.cpp in Sources */ = {isa = PBXBuildFile; fileRef = 4DE2F9ED175B8474007C1F25 /* Render.cpp */; };
		4DE2FA0A175B8474007C1F25 /* rtcpReceiver.cpp in Sources */ = {isa = PBXBuildFile; fileRef = 4DE2F9EE175B8474007C1F25 /* rtcpReceiver.cpp */; };
		4DE2FA0B175B8474007C1F25 /* rtcpSender.cpp in Sources */ = {isa = PBXBuildFile; fileRef = 4DE2F9F0175B8474007C1F25 /* rtcpSender.cpp */; };
		4DE2FA0C175B8474007C1F25 /* sessionStatsManager.cpp in Sources */ = {isa = PBXBuildFile; fileRef = 4DE2F9F3175B8474007C1F25 /* sessionStatsManager.cpp */; };
		4DE2FA0D175B8474007C1F25 /* UDPSocket.cpp in Sources */ = {isa = PBXBuildFile; fileRef = 4DE2F9F5175B8474007C1F25 /* UDPSocket.cpp */; };
		4DE2FA0E175B8474007C1F25 /* ChannelRecv.cpp in Sources */ = {isa = PBXBuildFile; fileRef = 4DE2F9F6175B8474007C1F25 /* ChannelRecv.cpp */; };
		4DE2FA0F175B8474007C1F25 /* Decoder.cpp in Sources */ = {isa = PBXBuildFile; fileRef = 4DE2F9FD175B8474007C1F25 /* Decoder.cpp */; };
		4DE2FA10175B8474007C1F25 /* rtpReceiver.cpp in Sources */ = {isa = PBXBuildFile; fileRef = 4DE2F9FF175B8474007C1F25 /* rtpReceiver.cpp */; };
		4DE2FA11175B8474007C1F25 /* RecvManager.cpp in Sources */ = {isa = PBXBuildFile; fileRef = 4DE2FA01175B8474007C1F25 /* RecvManager.cpp */; settings = {COMPILER_FLAGS = "-fno-objc-arc"; }; };
		4DE2FA12175B8474007C1F25 /* Encoder.cpp in Sources */ = {isa = PBXBuildFile; fileRef = 4DE2FA04175B8474007C1F25 /* Encoder.cpp */; };
		4DE2FA13175B8474007C1F25 /* SendManager.cpp in Sources */ = {isa = PBXBuildFile; fileRef = 4DE2FA06175B8474007C1F25 /* SendManager.cpp */; };
		4DE2FA14175B8474007C1F25 /* Capture.cpp in Sources */ = {isa = PBXBuildFile; fileRef = 4DE2FA07175B8474007C1F25 /* Capture.cpp */; };
		4DEC1F5B175C9141009C1055 /* RenderIOS.m in Sources */ = {isa = PBXBuildFile; fileRef = 4DEC1F58175C9141009C1055 /* RenderIOS.m */; settings = {COMPILER_FLAGS = "-fno-objc-arc"; }; };
		4DEC1F5C175C9141009C1055 /* CaptureIOS.m in Sources */ = {isa = PBXBuildFile; fileRef = 4DEC1F5A175C9141009C1055 /* CaptureIOS.m */; };
/* End PBXBuildFile section */

/* Begin PBXFileReference section */
		4DD236B0175A0BD50019EBD2 /* show.app */ = {isa = PBXFileReference; explicitFileType = wrapper.application; includeInIndex = 0; path = show.app; sourceTree = BUILT_PRODUCTS_DIR; };
		4DD236B3175A0BD50019EBD2 /* UIKit.framework */ = {isa = PBXFileReference; lastKnownFileType = wrapper.framework; name = UIKit.framework; path = System/Library/Frameworks/UIKit.framework; sourceTree = SDKROOT; };
		4DD236B5175A0BD50019EBD2 /* Foundation.framework */ = {isa = PBXFileReference; lastKnownFileType = wrapper.framework; name = Foundation.framework; path = System/Library/Frameworks/Foundation.framework; sourceTree = SDKROOT; };
		4DD236B7175A0BD50019EBD2 /* CoreGraphics.framework */ = {isa = PBXFileReference; lastKnownFileType = wrapper.framework; name = CoreGraphics.framework; path = System/Library/Frameworks/CoreGraphics.framework; sourceTree = SDKROOT; };
		4DD236BB175A0BD50019EBD2 /* show-Info.plist */ = {isa = PBXFileReference; lastKnownFileType = text.plist.xml; path = "show-Info.plist"; sourceTree = "<group>"; };
		4DD236BD175A0BD50019EBD2 /* en */ = {isa = PBXFileReference; lastKnownFileType = text.plist.strings; name = en; path = en.lproj/InfoPlist.strings; sourceTree = "<group>"; };
		4DD236BF175A0BD50019EBD2 /* main.m */ = {isa = PBXFileReference; lastKnownFileType = sourcecode.c.objc; path = main.m; sourceTree = "<group>"; };
		4DD236C1175A0BD50019EBD2 /* show-Prefix.pch */ = {isa = PBXFileReference; lastKnownFileType = sourcecode.c.h; path = "show-Prefix.pch"; sourceTree = "<group>"; };
		4DD236C2175A0BD50019EBD2 /* AppDelegate.h */ = {isa = PBXFileReference; lastKnownFileType = sourcecode.c.h; path = AppDelegate.h; sourceTree = "<group>"; };
		4DD236C3175A0BD50019EBD2 /* AppDelegate.m */ = {isa = PBXFileReference; lastKnownFileType = sourcecode.c.objc; path = AppDelegate.m; sourceTree = "<group>"; };
		4DD236C5175A0BD50019EBD2 /* Default.png */ = {isa = PBXFileReference; lastKnownFileType = image.png; path = Default.png; sourceTree = "<group>"; };
		4DD236C7175A0BD50019EBD2 /* Default@2x.png */ = {isa = PBXFileReference; lastKnownFileType = image.png; path = "Default@2x.png"; sourceTree = "<group>"; };
		4DD236C9175A0BD50019EBD2 /* Default-568h@2x.png */ = {isa = PBXFileReference; lastKnownFileType = image.png; path = "Default-568h@2x.png"; sourceTree = "<group>"; };
		4DD236CB175A0BD50019EBD2 /* ViewController.h */ = {isa = PBXFileReference; lastKnownFileType = sourcecode.c.h; path = ViewController.h; sourceTree = "<group>"; };
		4DD236CC175A0BD50019EBD2 /* ViewController.m */ = {isa = PBXFileReference; lastKnownFileType = sourcecode.c.objc; path = ViewController.m; sourceTree = "<group>"; };
		4DD236CF175A0BD50019EBD2 /* en */ = {isa = PBXFileReference; lastKnownFileType = file.xib; name = en; path = en.lproj/ViewController.xib; sourceTree = "<group>"; };
		4DD236D9175A0C7F0019EBD2 /* AVFoundation.framework */ = {isa = PBXFileReference; lastKnownFileType = wrapper.framework; name = AVFoundation.framework; path = System/Library/Frameworks/AVFoundation.framework; sourceTree = SDKROOT; };
		4DD236DB175A0C890019EBD2 /* CoreVideo.framework */ = {isa = PBXFileReference; lastKnownFileType = wrapper.framework; name = CoreVideo.framework; path = System/Library/Frameworks/CoreVideo.framework; sourceTree = SDKROOT; };
		4DD236DD175A0C900019EBD2 /* CoreMedia.framework */ = {isa = PBXFileReference; lastKnownFileType = wrapper.framework; name = CoreMedia.framework; path = System/Library/Frameworks/CoreMedia.framework; sourceTree = SDKROOT; };
		4DD236DF175A0C980019EBD2 /* QuartzCore.framework */ = {isa = PBXFileReference; lastKnownFileType = wrapper.framework; name = QuartzCore.framework; path = System/Library/Frameworks/QuartzCore.framework; sourceTree = SDKROOT; };
		4DD236E1175A1DB30019EBD2 /* ffmpeg */ = {isa = PBXFileReference; lastKnownFileType = folder; path = ffmpeg; sourceTree = "<group>"; };
		4DD236E3175A1DD40019EBD2 /* libbz2.1.0.dylib */ = {isa = PBXFileReference; lastKnownFileType = "compiled.mach-o.dylib"; name = libbz2.1.0.dylib; path = usr/lib/libbz2.1.0.dylib; sourceTree = SDKROOT; };
		4DD236E5175A1DF20019EBD2 /* libz.1.2.5.dylib */ = {isa = PBXFileReference; lastKnownFileType = "compiled.mach-o.dylib"; name = libz.1.2.5.dylib; path = usr/lib/libz.1.2.5.dylib; sourceTree = SDKROOT; };
		4DD236E6175A1DF20019EBD2 /* libz.dylib */ = {isa = PBXFileReference; lastKnownFileType = "compiled.mach-o.dylib"; name = libz.dylib; path = usr/lib/libz.dylib; sourceTree = SDKROOT; };
		4DD236E9175A1DFE0019EBD2 /* libbz2.dylib */ = {isa = PBXFileReference; lastKnownFileType = "compiled.mach-o.dylib"; name = libbz2.dylib; path = usr/lib/libbz2.dylib; sourceTree = SDKROOT; };
		4DD236EB175A1E090019EBD2 /* libiconv.dylib */ = {isa = PBXFileReference; lastKnownFileType = "compiled.mach-o.dylib"; name = libiconv.dylib; path = usr/lib/libiconv.dylib; sourceTree = SDKROOT; };
		4DD236ED175A1E200019EBD2 /* libavcodec.a */ = {isa = PBXFileReference; lastKnownFileType = archive.ar; name = libavcodec.a; path = ffmpeg/libavcodec.a; sourceTree = "<group>"; };
		4DD236EE175A1E200019EBD2 /* libavdevice.a */ = {isa = PBXFileReference; lastKnownFileType = archive.ar; name = libavdevice.a; path = ffmpeg/libavdevice.a; sourceTree = "<group>"; };
		4DD236EF175A1E200019EBD2 /* libavfilter.a */ = {isa = PBXFileReference; lastKnownFileType = archive.ar; name = libavfilter.a; path = ffmpeg/libavfilter.a; sourceTree = "<group>"; };
		4DD236F0175A1E200019EBD2 /* libavformat.a */ = {isa = PBXFileReference; lastKnownFileType = archive.ar; name = libavformat.a; path = ffmpeg/libavformat.a; sourceTree = "<group>"; };
		4DD236F1175A1E200019EBD2 /* libavutil.a */ = {isa = PBXFileReference; lastKnownFileType = archive.ar; name = libavutil.a; path = ffmpeg/libavutil.a; sourceTree = "<group>"; };
		4DD236F2175A1E200019EBD2 /* libcodec.a */ = {isa = PBXFileReference; lastKnownFileType = archive.ar; name = libcodec.a; path = ffmpeg/libcodec.a; sourceTree = "<group>"; };
		4DD236F3175A1E200019EBD2 /* libswresample.a */ = {isa = PBXFileReference; lastKnownFileType = archive.ar; name = libswresample.a; path = ffmpeg/libswresample.a; sourceTree = "<group>"; };
		4DD236F4175A1E200019EBD2 /* libswscale.a */ = {isa = PBXFileReference; lastKnownFileType = archive.ar; name = libswscale.a; path = ffmpeg/libswscale.a; sourceTree = "<group>"; };
		4DD236F5175A1E200019EBD2 /* libx264.a */ = {isa = PBXFileReference; lastKnownFileType = archive.ar; name = libx264.a; path = ffmpeg/libx264.a; sourceTree = "<group>"; };
		4DE2F9E7175B8474007C1F25 /* ChannelRecv.h */ = {isa = PBXFileReference; fileEncoding = 4; lastKnownFileType = sourcecode.c.h; name = ChannelRecv.h; path = ../../../Desktop/vs2_done/ChannelRecv.h; sourceTree = "<group>"; };
		4DE2F9E8175B8474007C1F25 /* Codec.h */ = {isa = PBXFileReference; fileEncoding = 4; lastKnownFileType = sourcecode.c.h; name = Codec.h; path = ../../../Desktop/vs2_done/Codec.h; sourceTree = "<group>"; };
		4DE2F9E9175B8474007C1F25 /* Decoder.h */ = {isa = PBXFileReference; fileEncoding = 4; lastKnownFileType = sourcecode.c.h; name = Decoder.h; path = ../../../Desktop/vs2_done/Decoder.h; sourceTree = "<group>"; };
		4DE2F9EA175B8474007C1F25 /* Frame.h */ = {isa = PBXFileReference; fileEncoding = 4; lastKnownFileType = sourcecode.c.h; name = Frame.h; path = ../../../Desktop/vs2_done/Frame.h; sourceTree = "<group>"; };
		4DE2F9EB175B8474007C1F25 /* mediaTimer.cpp */ = {isa = PBXFileReference; fileEncoding = 4; lastKnownFileType = sourcecode.cpp.cpp; name = mediaTimer.cpp; path = ../../../Desktop/vs2_done/mediaTimer.cpp; sourceTree = "<group>"; };
		4DE2F9EC175B8474007C1F25 /* mediaTimer.h */ = {isa = PBXFileReference; fileEncoding = 4; lastKnownFileType = sourcecode.c.h; name = mediaTimer.h; path = ../../../Desktop/vs2_done/mediaTimer.h; sourceTree = "<group>"; };
		4DE2F9ED175B8474007C1F25 /* Render.cpp */ = {isa = PBXFileReference; fileEncoding = 4; lastKnownFileType = sourcecode.cpp.cpp; name = Render.cpp; path = ../../../Desktop/vs2_done/Render.cpp; sourceTree = "<group>"; };
		4DE2F9EE175B8474007C1F25 /* rtcpReceiver.cpp */ = {isa = PBXFileReference; fileEncoding = 4; lastKnownFileType = sourcecode.cpp.cpp; name = rtcpReceiver.cpp; path = ../../../Desktop/vs2_done/rtcpReceiver.cpp; sourceTree = "<group>"; };
		4DE2F9EF175B8474007C1F25 /* rtcpReceiver.h */ = {isa = PBXFileReference; fileEncoding = 4; lastKnownFileType = sourcecode.c.h; name = rtcpReceiver.h; path = ../../../Desktop/vs2_done/rtcpReceiver.h; sourceTree = "<group>"; };
		4DE2F9F0175B8474007C1F25 /* rtcpSender.cpp */ = {isa = PBXFileReference; fileEncoding = 4; lastKnownFileType = sourcecode.cpp.cpp; name = rtcpSender.cpp; path = ../../../Desktop/vs2_done/rtcpSender.cpp; sourceTree = "<group>"; };
		4DE2F9F1175B8474007C1F25 /* rtcpSender.h */ = {isa = PBXFileReference; fileEncoding = 4; lastKnownFileType = sourcecode.c.h; name = rtcpSender.h; path = ../../../Desktop/vs2_done/rtcpSender.h; sourceTree = "<group>"; };
		4DE2F9F2175B8474007C1F25 /* rtpReceiver.h */ = {isa = PBXFileReference; fileEncoding = 4; lastKnownFileType = sourcecode.c.h; name = rtpReceiver.h; path = ../../../Desktop/vs2_done/rtpReceiver.h; sourceTree = "<group>"; };
		4DE2F9F3175B8474007C1F25 /* sessionStatsManager.cpp */ = {isa = PBXFileReference; fileEncoding = 4; lastKnownFileType = sourcecode.cpp.cpp; name = sessionStatsManager.cpp; path = ../../../Desktop/vs2_done/sessionStatsManager.cpp; sourceTree = "<group>"; };
		4DE2F9F4175B8474007C1F25 /* sessionStatsManager.h */ = {isa = PBXFileReference; fileEncoding = 4; lastKnownFileType = sourcecode.c.h; name = sessionStatsManager.h; path = ../../../Desktop/vs2_done/sessionStatsManager.h; sourceTree = "<group>"; };
		4DE2F9F5175B8474007C1F25 /* UDPSocket.cpp */ = {isa = PBXFileReference; fileEncoding = 4; lastKnownFileType = sourcecode.cpp.cpp; name = UDPSocket.cpp; path = ../../../Desktop/vs2_done/UDPSocket.cpp; sourceTree = "<group>"; };
		4DE2F9F6175B8474007C1F25 /* ChannelRecv.cpp */ = {isa = PBXFileReference; fileEncoding = 4; lastKnownFileType = sourcecode.cpp.cpp; name = ChannelRecv.cpp; path = ../../../Desktop/vs2_done/ChannelRecv.cpp; sourceTree = "<group>"; };
		4DE2F9F7175B8474007C1F25 /* UDPSocket.h */ = {isa = PBXFileReference; fileEncoding = 4; lastKnownFileType = sourcecode.c.h; name = UDPSocket.h; path = ../../../Desktop/vs2_done/UDPSocket.h; sourceTree = "<group>"; };
		4DE2F9F8175B8474007C1F25 /* rtp.h */ = {isa = PBXFileReference; fileEncoding = 4; lastKnownFileType = sourcecode.c.h; name = rtp.h; path = ../../../Desktop/vs2_done/rtp.h; sourceTree = "<group>"; };
		4DE2F9F9175B8474007C1F25 /* Types.h */ = {isa = PBXFileReference; fileEncoding = 4; lastKnownFileType = sourcecode.c.h; name = Types.h; path = ../../../Desktop/vs2_done/Types.h; sourceTree = "<group>"; };
		4DE2F9FA175B8474007C1F25 /* Constants.h */ = {isa = PBXFileReference; fileEncoding = 4; lastKnownFileType = sourcecode.c.h; name = Constants.h; path = ../../../Desktop/vs2_done/Constants.h; sourceTree = "<group>"; };
		4DE2F9FB175B8474007C1F25 /* Render.h */ = {isa = PBXFileReference; fileEncoding = 4; lastKnownFileType = sourcecode.c.h; name = Render.h; path = ../../../Desktop/vs2_done/Render.h; sourceTree = "<group>"; };
		4DE2F9FC175B8474007C1F25 /* rtcp.h */ = {isa = PBXFileReference; fileEncoding = 4; lastKnownFileType = sourcecode.c.h; name = rtcp.h; path = ../../../Desktop/vs2_done/rtcp.h; sourceTree = "<group>"; };
		4DE2F9FD175B8474007C1F25 /* Decoder.cpp */ = {isa = PBXFileReference; fileEncoding = 4; lastKnownFileType = sourcecode.cpp.cpp; name = Decoder.cpp; path = ../../../Desktop/vs2_done/Decoder.cpp; sourceTree = "<group>"; };
		4DE2F9FE175B8474007C1F25 /* RWLock.h */ = {isa = PBXFileReference; fileEncoding = 4; lastKnownFileType = sourcecode.c.h; name = RWLock.h; path = ../../../Desktop/vs2_done/RWLock.h; sourceTree = "<group>"; };
		4DE2F9FF175B8474007C1F25 /* rtpReceiver.cpp */ = {isa = PBXFileReference; fileEncoding = 4; lastKnownFileType = sourcecode.cpp.cpp; name = rtpReceiver.cpp; path = ../../../Desktop/vs2_done/rtpReceiver.cpp; sourceTree = "<group>"; };
		4DE2FA00175B8474007C1F25 /* Capture.h */ = {isa = PBXFileReference; fileEncoding = 4; lastKnownFileType = sourcecode.c.h; name = Capture.h; path = ../../../Desktop/vs2_done/Capture.h; sourceTree = "<group>"; };
		4DE2FA01175B8474007C1F25 /* RecvManager.cpp */ = {isa = PBXFileReference; fileEncoding = 4; lastKnownFileType = sourcecode.cpp.cpp; name = RecvManager.cpp; path = ../../../Desktop/vs2_done/RecvManager.cpp; sourceTree = "<group>"; };
		4DE2FA02175B8474007C1F25 /* RecvManager.h */ = {isa = PBXFileReference; fileEncoding = 4; lastKnownFileType = sourcecode.c.h; name = RecvManager.h; path = ../../../Desktop/vs2_done/RecvManager.h; sourceTree = "<group>"; };
		4DE2FA03175B8474007C1F25 /* SendManager.h */ = {isa = PBXFileReference; fileEncoding = 4; lastKnownFileType = sourcecode.c.h; name = SendManager.h; path = ../../../Desktop/vs2_done/SendManager.h; sourceTree = "<group>"; };
		4DE2FA04175B8474007C1F25 /* Encoder.cpp */ = {isa = PBXFileReference; fileEncoding = 4; lastKnownFileType = sourcecode.cpp.cpp; name = Encoder.cpp; path = ../../../Desktop/vs2_done/Encoder.cpp; sourceTree = "<group>"; };
		4DE2FA05175B8474007C1F25 /* Encoder.h */ = {isa = PBXFileReference; fileEncoding = 4; lastKnownFileType = sourcecode.c.h; name = Encoder.h; path = ../../../Desktop/vs2_done/Encoder.h; sourceTree = "<group>"; };
		4DE2FA06175B8474007C1F25 /* SendManager.cpp */ = {isa = PBXFileReference; fileEncoding = 4; lastKnownFileType = sourcecode.cpp.cpp; name = SendManager.cpp; path = ../../../Desktop/vs2_done/SendManager.cpp; sourceTree = "<group>"; };
		4DE2FA07175B8474007C1F25 /* Capture.cpp */ = {isa = PBXFileReference; fileEncoding = 4; lastKnownFileType = sourcecode.cpp.cpp; name = Capture.cpp; path = ../../../Desktop/vs2_done/Capture.cpp; sourceTree = "<group>"; };
		4DEC1F57175C9141009C1055 /* RenderIOS.h */ = {isa = PBXFileReference; fileEncoding = 4; lastKnownFileType = sourcecode.c.h; path = RenderIOS.h; sourceTree = "<group>"; };
		4DEC1F58175C9141009C1055 /* RenderIOS.m */ = {isa = PBXFileReference; fileEncoding = 4; lastKnownFileType = sourcecode.c.objc; path = RenderIOS.m; sourceTree = "<group>"; };
		4DEC1F59175C9141009C1055 /* CaptureIOS.h */ = {isa = PBXFileReference; fileEncoding = 4; lastKnownFileType = sourcecode.c.h; path = CaptureIOS.h; sourceTree = "<group>"; };
		4DEC1F5A175C9141009C1055 /* CaptureIOS.m */ = {isa = PBXFileReference; fileEncoding = 4; lastKnownFileType = sourcecode.c.objc; path = CaptureIOS.m; sourceTree = "<group>"; };
/* End PBXFileReference section */

/* Begin PBXFrameworksBuildPhase section */
		4DD236AD175A0BD50019EBD2 /* Frameworks */ = {
			isa = PBXFrameworksBuildPhase;
			buildActionMask = 2147483647;
			files = (
				4DD236EC175A1E090019EBD2 /* libiconv.dylib in Frameworks */,
				4DD236F6175A1E200019EBD2 /* libavcodec.a in Frameworks */,
				4DD236F7175A1E200019EBD2 /* libavdevice.a in Frameworks */,
				4DD236F8175A1E200019EBD2 /* libavfilter.a in Frameworks */,
				4DD236F9175A1E200019EBD2 /* libavformat.a in Frameworks */,
				4DD236FA175A1E200019EBD2 /* libavutil.a in Frameworks */,
				4DD236FB175A1E200019EBD2 /* libcodec.a in Frameworks */,
				4DD236FC175A1E200019EBD2 /* libswresample.a in Frameworks */,
				4DD236FD175A1E200019EBD2 /* libswscale.a in Frameworks */,
				4DD236FE175A1E200019EBD2 /* libx264.a in Frameworks */,
				4DD236EA175A1DFE0019EBD2 /* libbz2.dylib in Frameworks */,
				4DD236E7175A1DF20019EBD2 /* libz.1.2.5.dylib in Frameworks */,
				4DD236E8175A1DF20019EBD2 /* libz.dylib in Frameworks */,
				4DD236E4175A1DD40019EBD2 /* libbz2.1.0.dylib in Frameworks */,
				4DD236E0175A0C980019EBD2 /* QuartzCore.framework in Frameworks */,
				4DD236DE175A0C900019EBD2 /* CoreMedia.framework in Frameworks */,
				4DD236DC175A0C890019EBD2 /* CoreVideo.framework in Frameworks */,
				4DD236DA175A0C7F0019EBD2 /* AVFoundation.framework in Frameworks */,
				4DD236B4175A0BD50019EBD2 /* UIKit.framework in Frameworks */,
				4DD236B6175A0BD50019EBD2 /* Foundation.framework in Frameworks */,
				4DD236B8175A0BD50019EBD2 /* CoreGraphics.framework in Frameworks */,
			);
			runOnlyForDeploymentPostprocessing = 0;
		};
/* End PBXFrameworksBuildPhase section */

/* Begin PBXGroup section */
		4DD236A7175A0BD50019EBD2 = {
			isa = PBXGroup;
			children = (
				4DD236ED175A1E200019EBD2 /* libavcodec.a */,
				4DD236EE175A1E200019EBD2 /* libavdevice.a */,
				4DD236EF175A1E200019EBD2 /* libavfilter.a */,
				4DD236F0175A1E200019EBD2 /* libavformat.a */,
				4DD236F1175A1E200019EBD2 /* libavutil.a */,
				4DD236F2175A1E200019EBD2 /* libcodec.a */,
				4DD236F3175A1E200019EBD2 /* libswresample.a */,
				4DD236F4175A1E200019EBD2 /* libswscale.a */,
				4DD236F5175A1E200019EBD2 /* libx264.a */,
				4DD236EB175A1E090019EBD2 /* libiconv.dylib */,
				4DD236E9175A1DFE0019EBD2 /* libbz2.dylib */,
				4DD236E5175A1DF20019EBD2 /* libz.1.2.5.dylib */,
				4DD236E6175A1DF20019EBD2 /* libz.dylib */,
				4DD236E3175A1DD40019EBD2 /* libbz2.1.0.dylib */,
				4DD236E1175A1DB30019EBD2 /* ffmpeg */,
				4DD236DF175A0C980019EBD2 /* QuartzCore.framework */,
				4DD236DD175A0C900019EBD2 /* CoreMedia.framework */,
				4DD236DB175A0C890019EBD2 /* CoreVideo.framework */,
				4DD236D9175A0C7F0019EBD2 /* AVFoundation.framework */,
				4DD236B9175A0BD50019EBD2 /* show */,
				4DD236B2175A0BD50019EBD2 /* Frameworks */,
				4DD236B1175A0BD50019EBD2 /* Products */,
			);
			sourceTree = "<group>";
		};
		4DD236B1175A0BD50019EBD2 /* Products */ = {
			isa = PBXGroup;
			children = (
				4DD236B0175A0BD50019EBD2 /* show.app */,
			);
			name = Products;
			sourceTree = "<group>";
		};
		4DD236B2175A0BD50019EBD2 /* Frameworks */ = {
			isa = PBXGroup;
			children = (
				4DD236B3175A0BD50019EBD2 /* UIKit.framework */,
				4DD236B5175A0BD50019EBD2 /* Foundation.framework */,
				4DD236B7175A0BD50019EBD2 /* CoreGraphics.framework */,
			);
			name = Frameworks;
			sourceTree = "<group>";
		};
		4DD236B9175A0BD50019EBD2 /* show */ = {
			isa = PBXGroup;
			children = (
				4DEC1F57175C9141009C1055 /* RenderIOS.h */,
				4DEC1F58175C9141009C1055 /* RenderIOS.m */,
				4DEC1F59175C9141009C1055 /* CaptureIOS.h */,
				4DEC1F5A175C9141009C1055 /* CaptureIOS.m */,
				4DE2F9E6175B844F007C1F25 /* VS2 */,
				4DD236C2175A0BD50019EBD2 /* AppDelegate.h */,
				4DD236C3175A0BD50019EBD2 /* AppDelegate.m */,
				4DD236CB175A0BD50019EBD2 /* ViewController.h */,
				4DD236CC175A0BD50019EBD2 /* ViewController.m */,
				4DD236CE175A0BD50019EBD2 /* ViewController.xib */,
				4DD236BA175A0BD50019EBD2 /* Supporting Files */,
			);
			path = show;
			sourceTree = "<group>";
		};
		4DD236BA175A0BD50019EBD2 /* Supporting Files */ = {
			isa = PBXGroup;
			children = (
				4DD236BB175A0BD50019EBD2 /* show-Info.plist */,
				4DD236BC175A0BD50019EBD2 /* InfoPlist.strings */,
				4DD236BF175A0BD50019EBD2 /* main.m */,
				4DD236C1175A0BD50019EBD2 /* show-Prefix.pch */,
				4DD236C5175A0BD50019EBD2 /* Default.png */,
				4DD236C7175A0BD50019EBD2 /* Default@2x.png */,
				4DD236C9175A0BD50019EBD2 /* Default-568h@2x.png */,
			);
			name = "Supporting Files";
			sourceTree = "<group>";
		};
		4DE2F9E6175B844F007C1F25 /* VS2 */ = {
			isa = PBXGroup;
			children = (
				4DE2F9E7175B8474007C1F25 /* ChannelRecv.h */,
				4DE2F9E8175B8474007C1F25 /* Codec.h */,
				4DE2F9E9175B8474007C1F25 /* Decoder.h */,
				4DE2F9EA175B8474007C1F25 /* Frame.h */,
				4DE2F9EB175B8474007C1F25 /* mediaTimer.cpp */,
				4DE2F9EC175B8474007C1F25 /* mediaTimer.h */,
				4DE2F9ED175B8474007C1F25 /* Render.cpp */,
				4DE2F9EE175B8474007C1F25 /* rtcpReceiver.cpp */,
				4DE2F9EF175B8474007C1F25 /* rtcpReceiver.h */,
				4DE2F9F0175B8474007C1F25 /* rtcpSender.cpp */,
				4DE2F9F1175B8474007C1F25 /* rtcpSender.h */,
				4DE2F9F2175B8474007C1F25 /* rtpReceiver.h */,
				4DE2F9F3175B8474007C1F25 /* sessionStatsManager.cpp */,
				4DE2F9F4175B8474007C1F25 /* sessionStatsManager.h */,
				4DE2F9F5175B8474007C1F25 /* UDPSocket.cpp */,
				4DE2F9F6175B8474007C1F25 /* ChannelRecv.cpp */,
				4DE2F9F7175B8474007C1F25 /* UDPSocket.h */,
				4DE2F9F8175B8474007C1F25 /* rtp.h */,
				4DE2F9F9175B8474007C1F25 /* Types.h */,
				4DE2F9FA175B8474007C1F25 /* Constants.h */,
				4DE2F9FB175B8474007C1F25 /* Render.h */,
				4DE2F9FC175B8474007C1F25 /* rtcp.h */,
				4DE2F9FD175B8474007C1F25 /* Decoder.cpp */,
				4DE2F9FE175B8474007C1F25 /* RWLock.h */,
				4DE2F9FF175B8474007C1F25 /* rtpReceiver.cpp */,
				4DE2FA00175B8474007C1F25 /* Capture.h */,
				4DE2FA01175B8474007C1F25 /* RecvManager.cpp */,
				4DE2FA02175B8474007C1F25 /* RecvManager.h */,
				4DE2FA03175B8474007C1F25 /* SendManager.h */,
				4DE2FA04175B8474007C1F25 /* Encoder.cpp */,
				4DE2FA05175B8474007C1F25 /* Encoder.h */,
				4DE2FA06175B8474007C1F25 /* SendManager.cpp */,
				4DE2FA07175B8474007C1F25 /* Capture.cpp */,
			);
			name = VS2;
			sourceTree = "<group>";
		};
/* End PBXGroup section */

/* Begin PBXNativeTarget section */
		4DD236AF175A0BD50019EBD2 /* show */ = {
			isa = PBXNativeTarget;
			buildConfigurationList = 4DD236D3175A0BD50019EBD2 /* Build configuration list for PBXNativeTarget "show" */;
			buildPhases = (
				4DD236AC175A0BD50019EBD2 /* Sources */,
				4DD236AD175A0BD50019EBD2 /* Frameworks */,
				4DD236AE175A0BD50019EBD2 /* Resources */,
			);
			buildRules = (
			);
			dependencies = (
			);
			name = show;
			productName = show;
			productReference = 4DD236B0175A0BD50019EBD2 /* show.app */;
			productType = "com.apple.product-type.application";
		};
/* End PBXNativeTarget section */

/* Begin PBXProject section */
		4DD236A8175A0BD50019EBD2 /* Project object */ = {
			isa = PBXProject;
			attributes = {
				LastUpgradeCheck = 0460;
				ORGANIZATIONNAME = ADMIRE_2;
			};
			buildConfigurationList = 4DD236AB175A0BD50019EBD2 /* Build configuration list for PBXProject "show" */;
			compatibilityVersion = "Xcode 3.2";
			developmentRegion = English;
			hasScannedForEncodings = 0;
			knownRegions = (
				en,
			);
			mainGroup = 4DD236A7175A0BD50019EBD2;
			productRefGroup = 4DD236B1175A0BD50019EBD2 /* Products */;
			projectDirPath = "";
			projectRoot = "";
			targets = (
				4DD236AF175A0BD50019EBD2 /* show */,
			);
		};
/* End PBXProject section */

/* Begin PBXResourcesBuildPhase section */
		4DD236AE175A0BD50019EBD2 /* Resources */ = {
			isa = PBXResourcesBuildPhase;
			buildActionMask = 2147483647;
			files = (
				4DD236BE175A0BD50019EBD2 /* InfoPlist.strings in Resources */,
				4DD236C6175A0BD50019EBD2 /* Default.png in Resources */,
				4DD236C8175A0BD50019EBD2 /* Default@2x.png in Resources */,
				4DD236CA175A0BD50019EBD2 /* Default-568h@2x.png in Resources */,
				4DD236D0175A0BD50019EBD2 /* ViewController.xib in Resources */,
				4DD236E2175A1DB30019EBD2 /* ffmpeg in Resources */,
			);
			runOnlyForDeploymentPostprocessing = 0;
		};
/* End PBXResourcesBuildPhase section */

/* Begin PBXSourcesBuildPhase section */
		4DD236AC175A0BD50019EBD2 /* Sources */ = {
			isa = PBXSourcesBuildPhase;
			buildActionMask = 2147483647;
			files = (
				4DD236C0175A0BD50019EBD2 /* main.m in Sources */,
				4DD236C4175A0BD50019EBD2 /* AppDelegate.m in Sources */,
				4DD236CD175A0BD50019EBD2 /* ViewController.m in Sources */,
				4DE2FA08175B8474007C1F25 /* mediaTimer.cpp in Sources */,
				4DE2FA09175B8474007C1F25 /* Render.cpp in Sources */,
				4DE2FA0A175B8474007C1F25 /* rtcpReceiver.cpp in Sources */,
				4DE2FA0B175B8474007C1F25 /* rtcpSender.cpp in Sources */,
				4DE2FA0C175B8474007C1F25 /* sessionStatsManager.cpp in Sources */,
				4DE2FA0D175B8474007C1F25 /* UDPSocket.cpp in Sources */,
				4DE2FA0E175B8474007C1F25 /* ChannelRecv.cpp in Sources */,
				4DE2FA0F175B8474007C1F25 /* Decoder.cpp in Sources */,
				4DE2FA10175B8474007C1F25 /* rtpReceiver.cpp in Sources */,
				4DE2FA11175B8474007C1F25 /* RecvManager.cpp in Sources */,
				4DE2FA12175B8474007C1F25 /* Encoder.cpp in Sources */,
				4DE2FA13175B8474007C1F25 /* SendManager.cpp in Sources */,
				4DE2FA14175B8474007C1F25 /* Capture.cpp in Sources */,
				4DEC1F5B175C9141009C1055 /* RenderIOS.m in Sources */,
				4DEC1F5C175C9141009C1055 /* CaptureIOS.m in Sources */,
			);
			runOnlyForDeploymentPostprocessing = 0;
		};
/* End PBXSourcesBuildPhase section */

/* Begin PBXVariantGroup section */
		4DD236BC175A0BD50019EBD2 /* InfoPlist.strings */ = {
			isa = PBXVariantGroup;
			children = (
				4DD236BD175A0BD50019EBD2 /* en */,
			);
			name = InfoPlist.strings;
			sourceTree = "<group>";
		};
		4DD236CE175A0BD50019EBD2 /* ViewController.xib */ = {
			isa = PBXVariantGroup;
			children = (
				4DD236CF175A0BD50019EBD2 /* en */,
			);
			name = ViewController.xib;
			sourceTree = "<group>";
		};
/* End PBXVariantGroup section */

/* Begin XCBuildConfiguration section */
		4DD236D1175A0BD50019EBD2 /* Debug */ = {
			isa = XCBuildConfiguration;
			buildSettings = {
				ALWAYS_SEARCH_USER_PATHS = NO;
				CLANG_CXX_LANGUAGE_STANDARD = "gnu++0x";
				CLANG_CXX_LIBRARY = "libc++";
				CLANG_ENABLE_OBJC_ARC = YES;
				CLANG_WARN_CONSTANT_CONVERSION = YES;
				CLANG_WARN_EMPTY_BODY = YES;
				CLANG_WARN_ENUM_CONVERSION = YES;
				CLANG_WARN_INT_CONVERSION = YES;
				CLANG_WARN__DUPLICATE_METHOD_MATCH = YES;
				CODE_SIGN_IDENTITY = "iPhone Developer: LOU YIHUA (EJA9BDCEP3)";
				"CODE_SIGN_IDENTITY[sdk=iphoneos*]" = "iPhone Developer";
				COPY_PHASE_STRIP = NO;
				GCC_C_LANGUAGE_STANDARD = gnu99;
				GCC_DYNAMIC_NO_PIC = NO;
				GCC_INPUT_FILETYPE = sourcecode.cpp.objcpp;
				GCC_OPTIMIZATION_LEVEL = 0;
				GCC_PREPROCESSOR_DEFINITIONS = (
					"DEBUG=1",
					"$(inherited)",
				);
				GCC_SYMBOLS_PRIVATE_EXTERN = NO;
				GCC_WARN_ABOUT_RETURN_TYPE = YES;
				GCC_WARN_UNINITIALIZED_AUTOS = YES;
				GCC_WARN_UNUSED_VARIABLE = YES;
				IPHONEOS_DEPLOYMENT_TARGET = 6.1;
				ONLY_ACTIVE_ARCH = YES;
				PROVISIONING_PROFILE = "1E28BE62-8286-4BB2-ACC1-3759197E267B";
				SDKROOT = iphoneos;
				TARGETED_DEVICE_FAMILY = 2;
			};
			name = Debug;
		};
		4DD236D2175A0BD50019EBD2 /* Release */ = {
			isa = XCBuildConfiguration;
			buildSettings = {
				ALWAYS_SEARCH_USER_PATHS = NO;
				CLANG_CXX_LANGUAGE_STANDARD = "gnu++0x";
				CLANG_CXX_LIBRARY = "libc++";
				CLANG_ENABLE_OBJC_ARC = YES;
				CLANG_WARN_CONSTANT_CONVERSION = YES;
				CLANG_WARN_EMPTY_BODY = YES;
				CLANG_WARN_ENUM_CONVERSION = YES;
				CLANG_WARN_INT_CONVERSION = YES;
				CLANG_WARN__DUPLICATE_METHOD_MATCH = YES;
				CODE_SIGN_IDENTITY = "iPhone Developer: LOU YIHUA (EJA9BDCEP3)";
				"CODE_SIGN_IDENTITY[sdk=iphoneos*]" = "iPhone Developer";
				COPY_PHASE_STRIP = YES;
				GCC_C_LANGUAGE_STANDARD = gnu99;
				GCC_INPUT_FILETYPE = sourcecode.cpp.objcpp;
				GCC_WARN_ABOUT_RETURN_TYPE = YES;
				GCC_WARN_UNINITIALIZED_AUTOS = YES;
				GCC_WARN_UNUSED_VARIABLE = YES;
				IPHONEOS_DEPLOYMENT_TARGET = 6.1;
				OTHER_CFLAGS = "-DNS_BLOCK_ASSERTIONS=1";
				PROVISIONING_PROFILE = "1E28BE62-8286-4BB2-ACC1-3759197E267B";
				SDKROOT = iphoneos;
				TARGETED_DEVICE_FAMILY = 2;
				VALIDATE_PRODUCT = YES;
			};
			name = Release;
		};
		4DD236D4175A0BD50019EBD2 /* Debug */ = {
			isa = XCBuildConfiguration;
			buildSettings = {
				GCC_INPUT_FILETYPE = sourcecode.cpp.objcpp;
				GCC_PRECOMPILE_PREFIX_HEADER = YES;
				GCC_PREFIX_HEADER = "show/show-Prefix.pch";
				HEADER_SEARCH_PATHS = "\"$(SRCROOT)/ffmpeg\"/**";
				"HEADER_SEARCH_PATHS[arch=*]" = "\"$(SRCROOT)/ffmpeg\"/**";
				INFOPLIST_FILE = "show/show-Info.plist";
				LIBRARY_SEARCH_PATHS = (
					"$(inherited)",
					"\"$(SRCROOT)/ffmpeg\"/**",
				);
				PRODUCT_NAME = "$(TARGET_NAME)";
				WRAPPER_EXTENSION = app;
			};
			name = Debug;
		};
		4DD236D5175A0BD50019EBD2 /* Release */ = {
			isa = XCBuildConfiguration;
			buildSettings = {
				GCC_INPUT_FILETYPE = sourcecode.cpp.objcpp;
				GCC_PRECOMPILE_PREFIX_HEADER = YES;
				GCC_PREFIX_HEADER = "show/show-Prefix.pch";
				INFOPLIST_FILE = "show/show-Info.plist";
				LIBRARY_SEARCH_PATHS = (
					"$(inherited)",
					"\"$(SRCROOT)/ffmpeg\"/**",
				);
				PRODUCT_NAME = "$(TARGET_NAME)";
				WRAPPER_EXTENSION = app;
			};
			name = Release;
		};
/* End XCBuildConfiguration section */

/* Begin XCConfigurationList section */
		4DD236AB175A0BD50019EBD2 /* Build configuration list for PBXProject "show" */ = {
			isa = XCConfigurationList;
			buildConfigurations = (
				4DD236D1175A0BD50019EBD2 /* Debug */,
				4DD236D2175A0BD50019EBD2 /* Release */,
			);
			defaultConfigurationIsVisible = 0;
			defaultConfigurationName = Release;
		};
		4DD236D3175A0BD50019EBD2 /* Build configuration list for PBXNativeTarget "show" */ = {
			isa = XCConfigurationList;
			buildConfigurations = (
				4DD236D4175A0BD50019EBD2 /* Debug */,
				4DD236D5175A0BD50019EBD2 /* Release */,
			);
			defaultConfigurationIsVisible = 0;
			defaultConfigurationName = Release;
		};
/* End XCConfigurationList section */
	};
	rootObject = 4DD236A8175A0BD50019EBD2 /* Project object */;
}
